// !$*UTF8*$!
{
	archiveVersion = 1;
	classes = {
	};
	objectVersion = 51;
	objects = {

/* Begin PBXBuildFile section */
		9C56D59A24FFFFCA00CEBB70 /* EventMonitor.swift in Sources */ = {isa = PBXBuildFile; fileRef = 9C56D59924FFFFCA00CEBB70 /* EventMonitor.swift */; };
		9C9FCC2C24FEBBE10080AB99 /* AppDelegate.swift in Sources */ = {isa = PBXBuildFile; fileRef = 9C9FCC2B24FEBBE10080AB99 /* AppDelegate.swift */; };
		9C9FCC2E24FEBBE10080AB99 /* PopupViewController.swift in Sources */ = {isa = PBXBuildFile; fileRef = 9C9FCC2D24FEBBE10080AB99 /* PopupViewController.swift */; };
		9C9FCC3024FEBBE20080AB99 /* Assets.xcassets in Resources */ = {isa = PBXBuildFile; fileRef = 9C9FCC2F24FEBBE20080AB99 /* Assets.xcassets */; };
		9C9FCC3324FEBBE20080AB99 /* Main.storyboard in Resources */ = {isa = PBXBuildFile; fileRef = 9C9FCC3124FEBBE20080AB99 /* Main.storyboard */; };
		B1ADE4B0823AB420D83511B0 /* Pods_clieneilc.framework in Frameworks */ = {isa = PBXBuildFile; fileRef = 24D3555ED7DF11D03911284A /* Pods_clieneilc.framework */; };
/* End PBXBuildFile section */

/* Begin PBXFileReference section */
		24D3555ED7DF11D03911284A /* Pods_clieneilc.framework */ = {isa = PBXFileReference; explicitFileType = wrapper.framework; includeInIndex = 0; path = Pods_clieneilc.framework; sourceTree = BUILT_PRODUCTS_DIR; };
		2893BB05DDACA01902A2FE0F /* Pods-clieneilc.debug.xcconfig */ = {isa = PBXFileReference; includeInIndex = 1; lastKnownFileType = text.xcconfig; name = "Pods-clieneilc.debug.xcconfig"; path = "Target Support Files/Pods-clieneilc/Pods-clieneilc.debug.xcconfig"; sourceTree = "<group>"; };
		8EAA0E22C079842C0EBBF5A9 /* Pods-clieneilc.release.xcconfig */ = {isa = PBXFileReference; includeInIndex = 1; lastKnownFileType = text.xcconfig; name = "Pods-clieneilc.release.xcconfig"; path = "Target Support Files/Pods-clieneilc/Pods-clieneilc.release.xcconfig"; sourceTree = "<group>"; };
		9C56D59924FFFFCA00CEBB70 /* EventMonitor.swift */ = {isa = PBXFileReference; lastKnownFileType = sourcecode.swift; path = EventMonitor.swift; sourceTree = "<group>"; };
		9C9FCC2824FEBBE10080AB99 /* clieneilc.app */ = {isa = PBXFileReference; explicitFileType = wrapper.application; includeInIndex = 0; path = clieneilc.app; sourceTree = BUILT_PRODUCTS_DIR; };
		9C9FCC2B24FEBBE10080AB99 /* AppDelegate.swift */ = {isa = PBXFileReference; lastKnownFileType = sourcecode.swift; path = AppDelegate.swift; sourceTree = "<group>"; };
		9C9FCC2D24FEBBE10080AB99 /* PopupViewController.swift */ = {isa = PBXFileReference; lastKnownFileType = sourcecode.swift; path = PopupViewController.swift; sourceTree = "<group>"; };
		9C9FCC2F24FEBBE20080AB99 /* Assets.xcassets */ = {isa = PBXFileReference; lastKnownFileType = folder.assetcatalog; path = Assets.xcassets; sourceTree = "<group>"; };
		9C9FCC3224FEBBE20080AB99 /* Base */ = {isa = PBXFileReference; lastKnownFileType = file.storyboard; name = Base; path = Base.lproj/Main.storyboard; sourceTree = "<group>"; };
		9C9FCC3424FEBBE20080AB99 /* Info.plist */ = {isa = PBXFileReference; lastKnownFileType = text.plist.xml; path = Info.plist; sourceTree = "<group>"; };
		9C9FCC3524FEBBE20080AB99 /* clieneilc.entitlements */ = {isa = PBXFileReference; lastKnownFileType = text.plist.entitlements; path = clieneilc.entitlements; sourceTree = "<group>"; };
/* End PBXFileReference section */

/* Begin PBXFrameworksBuildPhase section */
		9C9FCC2524FEBBE10080AB99 /* Frameworks */ = {
			isa = PBXFrameworksBuildPhase;
			buildActionMask = 2147483647;
			files = (
				B1ADE4B0823AB420D83511B0 /* Pods_clieneilc.framework in Frameworks */,
			);
			runOnlyForDeploymentPostprocessing = 0;
		};
/* End PBXFrameworksBuildPhase section */

/* Begin PBXGroup section */
		1021281782E6BCD5F4E398B2 /* Pods */ = {
			isa = PBXGroup;
			children = (
				2893BB05DDACA01902A2FE0F /* Pods-clieneilc.debug.xcconfig */,
				8EAA0E22C079842C0EBBF5A9 /* Pods-clieneilc.release.xcconfig */,
			);
			path = Pods;
			sourceTree = "<group>";
		};
		87FE20CFBA92F8C510459AB0 /* Frameworks */ = {
			isa = PBXGroup;
			children = (
				24D3555ED7DF11D03911284A /* Pods_clieneilc.framework */,
			);
			name = Frameworks;
			sourceTree = "<group>";
		};
		9C9FCC1F24FEBBE10080AB99 = {
			isa = PBXGroup;
			children = (
				9C9FCC2A24FEBBE10080AB99 /* clieneilc */,
				9C9FCC2924FEBBE10080AB99 /* Products */,
				1021281782E6BCD5F4E398B2 /* Pods */,
				87FE20CFBA92F8C510459AB0 /* Frameworks */,
			);
			sourceTree = "<group>";
		};
		9C9FCC2924FEBBE10080AB99 /* Products */ = {
			isa = PBXGroup;
			children = (
				9C9FCC2824FEBBE10080AB99 /* clieneilc.app */,
			);
			name = Products;
			sourceTree = "<group>";
		};
		9C9FCC2A24FEBBE10080AB99 /* clieneilc */ = {
			isa = PBXGroup;
			children = (
				9C9FCC2B24FEBBE10080AB99 /* AppDelegate.swift */,
				9C9FCC2D24FEBBE10080AB99 /* PopupViewController.swift */,
				9C9FCC2F24FEBBE20080AB99 /* Assets.xcassets */,
				9C9FCC3124FEBBE20080AB99 /* Main.storyboard */,
				9C9FCC3424FEBBE20080AB99 /* Info.plist */,
				9C9FCC3524FEBBE20080AB99 /* clieneilc.entitlements */,
				9C56D59924FFFFCA00CEBB70 /* EventMonitor.swift */,
			);
			path = clieneilc;
			sourceTree = "<group>";
		};
/* End PBXGroup section */

/* Begin PBXNativeTarget section */
		9C9FCC2724FEBBE10080AB99 /* clieneilc */ = {
			isa = PBXNativeTarget;
			buildConfigurationList = 9C9FCC3824FEBBE20080AB99 /* Build configuration list for PBXNativeTarget "clieneilc" */;
			buildPhases = (
				BB1DDD65B9C17AE705E48732 /* [CP] Check Pods Manifest.lock */,
				9C9FCC2424FEBBE10080AB99 /* Sources */,
				9C9FCC2524FEBBE10080AB99 /* Frameworks */,
				9C9FCC2624FEBBE10080AB99 /* Resources */,
				65548ED0FB67DAD31C189954 /* [CP] Embed Pods Frameworks */,
			);
			buildRules = (
			);
			dependencies = (
			);
			name = clieneilc;
			productName = clieneilc;
			productReference = 9C9FCC2824FEBBE10080AB99 /* clieneilc.app */;
			productType = "com.apple.product-type.application";
		};
/* End PBXNativeTarget section */

/* Begin PBXProject section */
		9C9FCC2024FEBBE10080AB99 /* Project object */ = {
			isa = PBXProject;
			attributes = {
				LastSwiftUpdateCheck = 1150;
				LastUpgradeCheck = 1150;
				ORGANIZATIONNAME = jinsyu;
				TargetAttributes = {
					9C9FCC2724FEBBE10080AB99 = {
						CreatedOnToolsVersion = 11.5;
					};
				};
			};
			buildConfigurationList = 9C9FCC2324FEBBE10080AB99 /* Build configuration list for PBXProject "clieneilc" */;
			compatibilityVersion = "Xcode 9.3";
			developmentRegion = en;
			hasScannedForEncodings = 0;
			knownRegions = (
				en,
				Base,
			);
			mainGroup = 9C9FCC1F24FEBBE10080AB99;
			productRefGroup = 9C9FCC2924FEBBE10080AB99 /* Products */;
			projectDirPath = "";
			projectRoot = "";
			targets = (
				9C9FCC2724FEBBE10080AB99 /* clieneilc */,
			);
		};
/* End PBXProject section */

/* Begin PBXResourcesBuildPhase section */
		9C9FCC2624FEBBE10080AB99 /* Resources */ = {
			isa = PBXResourcesBuildPhase;
			buildActionMask = 2147483647;
			files = (
				9C9FCC3024FEBBE20080AB99 /* Assets.xcassets in Resources */,
				9C9FCC3324FEBBE20080AB99 /* Main.storyboard in Resources */,
			);
			runOnlyForDeploymentPostprocessing = 0;
		};
/* End PBXResourcesBuildPhase section */

/* Begin PBXShellScriptBuildPhase section */
		65548ED0FB67DAD31C189954 /* [CP] Embed Pods Frameworks */ = {
			isa = PBXShellScriptBuildPhase;
			buildActionMask = 2147483647;
			files = (
			);
			inputFileListPaths = (
				"${PODS_ROOT}/Target Support Files/Pods-clieneilc/Pods-clieneilc-frameworks-${CONFIGURATION}-input-files.xcfilelist",
			);
			name = "[CP] Embed Pods Frameworks";
			outputFileListPaths = (
				"${PODS_ROOT}/Target Support Files/Pods-clieneilc/Pods-clieneilc-frameworks-${CONFIGURATION}-output-files.xcfilelist",
			);
			runOnlyForDeploymentPostprocessing = 0;
			shellPath = /bin/sh;
			shellScript = "\"${PODS_ROOT}/Target Support Files/Pods-clieneilc/Pods-clieneilc-frameworks.sh\"\n";
			showEnvVarsInLog = 0;
		};
		BB1DDD65B9C17AE705E48732 /* [CP] Check Pods Manifest.lock */ = {
			isa = PBXShellScriptBuildPhase;
			buildActionMask = 2147483647;
			files = (
			);
			inputFileListPaths = (
			);
			inputPaths = (
				"${PODS_PODFILE_DIR_PATH}/Podfile.lock",
				"${PODS_ROOT}/Manifest.lock",
			);
			name = "[CP] Check Pods Manifest.lock";
			outputFileListPaths = (
			);
			outputPaths = (
				"$(DERIVED_FILE_DIR)/Pods-clieneilc-checkManifestLockResult.txt",
			);
			runOnlyForDeploymentPostprocessing = 0;
			shellPath = /bin/sh;
			shellScript = "diff \"${PODS_PODFILE_DIR_PATH}/Podfile.lock\" \"${PODS_ROOT}/Manifest.lock\" > /dev/null\nif [ $? != 0 ] ; then\n    # print error to STDERR\n    echo \"error: The sandbox is not in sync with the Podfile.lock. Run 'pod install' or update your CocoaPods installation.\" >&2\n    exit 1\nfi\n# This output is used by Xcode 'outputs' to avoid re-running this script phase.\necho \"SUCCESS\" > \"${SCRIPT_OUTPUT_FILE_0}\"\n";
			showEnvVarsInLog = 0;
		};
/* End PBXShellScriptBuildPhase section */

/* Begin PBXSourcesBuildPhase section */
		9C9FCC2424FEBBE10080AB99 /* Sources */ = {
			isa = PBXSourcesBuildPhase;
			buildActionMask = 2147483647;
			files = (
				9C56D59A24FFFFCA00CEBB70 /* EventMonitor.swift in Sources */,
				9C9FCC2E24FEBBE10080AB99 /* PopupViewController.swift in Sources */,
				9C9FCC2C24FEBBE10080AB99 /* AppDelegate.swift in Sources */,
			);
			runOnlyForDeploymentPostprocessing = 0;
		};
/* End PBXSourcesBuildPhase section */

/* Begin PBXVariantGroup section */
		9C9FCC3124FEBBE20080AB99 /* Main.storyboard */ = {
			isa = PBXVariantGroup;
			children = (
				9C9FCC3224FEBBE20080AB99 /* Base */,
			);
			name = Main.storyboard;
			sourceTree = "<group>";
		};
/* End PBXVariantGroup section */

/* Begin XCBuildConfiguration section */
		9C9FCC3624FEBBE20080AB99 /* Debug */ = {
			isa = XCBuildConfiguration;
			buildSettings = {
				ALWAYS_SEARCH_USER_PATHS = NO;
				CLANG_ANALYZER_NONNULL = YES;
				CLANG_ANALYZER_NUMBER_OBJECT_CONVERSION = YES_AGGRESSIVE;
				CLANG_CXX_LANGUAGE_STANDARD = "gnu++14";
				CLANG_CXX_LIBRARY = "libc++";
				CLANG_ENABLE_MODULES = YES;
				CLANG_ENABLE_OBJC_ARC = YES;
				CLANG_ENABLE_OBJC_WEAK = YES;
				CLANG_WARN_BLOCK_CAPTURE_AUTORELEASING = YES;
				CLANG_WARN_BOOL_CONVERSION = YES;
				CLANG_WARN_COMMA = YES;
				CLANG_WARN_CONSTANT_CONVERSION = YES;
				CLANG_WARN_DEPRECATED_OBJC_IMPLEMENTATIONS = YES;
				CLANG_WARN_DIRECT_OBJC_ISA_USAGE = YES_ERROR;
				CLANG_WARN_DOCUMENTATION_COMMENTS = YES;
				CLANG_WARN_EMPTY_BODY = YES;
				CLANG_WARN_ENUM_CONVERSION = YES;
				CLANG_WARN_INFINITE_RECURSION = YES;
				CLANG_WARN_INT_CONVERSION = YES;
				CLANG_WARN_NON_LITERAL_NULL_CONVERSION = YES;
				CLANG_WARN_OBJC_IMPLICIT_RETAIN_SELF = YES;
				CLANG_WARN_OBJC_LITERAL_CONVERSION = YES;
				CLANG_WARN_OBJC_ROOT_CLASS = YES_ERROR;
				CLANG_WARN_RANGE_LOOP_ANALYSIS = YES;
				CLANG_WARN_STRICT_PROTOTYPES = YES;
				CLANG_WARN_SUSPICIOUS_MOVE = YES;
				CLANG_WARN_UNGUARDED_AVAILABILITY = YES_AGGRESSIVE;
				CLANG_WARN_UNREACHABLE_CODE = YES;
				CLANG_WARN__DUPLICATE_METHOD_MATCH = YES;
				COPY_PHASE_STRIP = NO;
				DEBUG_INFORMATION_FORMAT = dwarf;
				ENABLE_STRICT_OBJC_MSGSEND = YES;
				ENABLE_TESTABILITY = YES;
				GCC_C_LANGUAGE_STANDARD = gnu11;
				GCC_DYNAMIC_NO_PIC = NO;
				GCC_NO_COMMON_BLOCKS = YES;
				GCC_OPTIMIZATION_LEVEL = 0;
				GCC_PREPROCESSOR_DEFINITIONS = (
					"DEBUG=1",
					"$(inherited)",
				);
				GCC_WARN_64_TO_32_BIT_CONVERSION = YES;
				GCC_WARN_ABOUT_RETURN_TYPE = YES_ERROR;
				GCC_WARN_UNDECLARED_SELECTOR = YES;
				GCC_WARN_UNINITIALIZED_AUTOS = YES_AGGRESSIVE;
				GCC_WARN_UNUSED_FUNCTION = YES;
				GCC_WARN_UNUSED_VARIABLE = YES;
				MACOSX_DEPLOYMENT_TARGET = 10.15;
				MTL_ENABLE_DEBUG_INFO = INCLUDE_SOURCE;
				MTL_FAST_MATH = YES;
				ONLY_ACTIVE_ARCH = YES;
				SDKROOT = macosx;
				SWIFT_ACTIVE_COMPILATION_CONDITIONS = DEBUG;
				SWIFT_OPTIMIZATION_LEVEL = "-Onone";
			};
			name = Debug;
		};
		9C9FCC3724FEBBE20080AB99 /* Release */ = {
			isa = XCBuildConfiguration;
			buildSettings = {
				ALWAYS_SEARCH_USER_PATHS = NO;
				CLANG_ANALYZER_NONNULL = YES;
				CLANG_ANALYZER_NUMBER_OBJECT_CONVERSION = YES_AGGRESSIVE;
				CLANG_CXX_LANGUAGE_STANDARD = "gnu++14";
				CLANG_CXX_LIBRARY = "libc++";
				CLANG_ENABLE_MODULES = YES;
				CLANG_ENABLE_OBJC_ARC = YES;
				CLANG_ENABLE_OBJC_WEAK = YES;
				CLANG_WARN_BLOCK_CAPTURE_AUTORELEASING = YES;
				CLANG_WARN_BOOL_CONVERSION = YES;
				CLANG_WARN_COMMA = YES;
				CLANG_WARN_CONSTANT_CONVERSION = YES;
				CLANG_WARN_DEPRECATED_OBJC_IMPLEMENTATIONS = YES;
				CLANG_WARN_DIRECT_OBJC_ISA_USAGE = YES_ERROR;
				CLANG_WARN_DOCUMENTATION_COMMENTS = YES;
				CLANG_WARN_EMPTY_BODY = YES;
				CLANG_WARN_ENUM_CONVERSION = YES;
				CLANG_WARN_INFINITE_RECURSION = YES;
				CLANG_WARN_INT_CONVERSION = YES;
				CLANG_WARN_NON_LITERAL_NULL_CONVERSION = YES;
				CLANG_WARN_OBJC_IMPLICIT_RETAIN_SELF = YES;
				CLANG_WARN_OBJC_LITERAL_CONVERSION = YES;
				CLANG_WARN_OBJC_ROOT_CLASS = YES_ERROR;
				CLANG_WARN_RANGE_LOOP_ANALYSIS = YES;
				CLANG_WARN_STRICT_PROTOTYPES = YES;
				CLANG_WARN_SUSPICIOUS_MOVE = YES;
				CLANG_WARN_UNGUARDED_AVAILABILITY = YES_AGGRESSIVE;
				CLANG_WARN_UNREACHABLE_CODE = YES;
				CLANG_WARN__DUPLICATE_METHOD_MATCH = YES;
				COPY_PHASE_STRIP = NO;
				DEBUG_INFORMATION_FORMAT = "dwarf-with-dsym";
				ENABLE_NS_ASSERTIONS = NO;
				ENABLE_STRICT_OBJC_MSGSEND = YES;
				GCC_C_LANGUAGE_STANDARD = gnu11;
				GCC_NO_COMMON_BLOCKS = YES;
				GCC_WARN_64_TO_32_BIT_CONVERSION = YES;
				GCC_WARN_ABOUT_RETURN_TYPE = YES_ERROR;
				GCC_WARN_UNDECLARED_SELECTOR = YES;
				GCC_WARN_UNINITIALIZED_AUTOS = YES_AGGRESSIVE;
				GCC_WARN_UNUSED_FUNCTION = YES;
				GCC_WARN_UNUSED_VARIABLE = YES;
				MACOSX_DEPLOYMENT_TARGET = 10.15;
				MTL_ENABLE_DEBUG_INFO = NO;
				MTL_FAST_MATH = YES;
				SDKROOT = macosx;
				SWIFT_COMPILATION_MODE = wholemodule;
				SWIFT_OPTIMIZATION_LEVEL = "-O";
			};
			name = Release;
		};
		9C9FCC3924FEBBE20080AB99 /* Debug */ = {
			isa = XCBuildConfiguration;
			baseConfigurationReference = 2893BB05DDACA01902A2FE0F /* Pods-clieneilc.debug.xcconfig */;
			buildSettings = {
				ASSETCATALOG_COMPILER_APPICON_NAME = AppIcon;
				CODE_SIGN_ENTITLEMENTS = clieneilc/clieneilc.entitlements;
				CODE_SIGN_STYLE = Automatic;
				COMBINE_HIDPI_IMAGES = YES;
				DEVELOPMENT_TEAM = 7S99PYTX54;
				ENABLE_HARDENED_RUNTIME = YES;
				INFOPLIST_FILE = clieneilc/Info.plist;
				LD_RUNPATH_SEARCH_PATHS = (
					"$(inherited)",
					"@executable_path/../Frameworks",
				);
				PRODUCT_BUNDLE_IDENTIFIER = com.jinsyu.clieneilc;
				PRODUCT_NAME = "$(TARGET_NAME)";
				SWIFT_VERSION = 5.0;
			};
			name = Debug;
		};
		9C9FCC3A24FEBBE20080AB99 /* Release */ = {
			isa = XCBuildConfiguration;
			baseConfigurationReference = 8EAA0E22C079842C0EBBF5A9 /* Pods-clieneilc.release.xcconfig */;
			buildSettings = {
				ASSETCATALOG_COMPILER_APPICON_NAME = AppIcon;
				CODE_SIGN_ENTITLEMENTS = clieneilc/clieneilc.entitlements;
				CODE_SIGN_STYLE = Automatic;
				COMBINE_HIDPI_IMAGES = YES;
				DEVELOPMENT_TEAM = 7S99PYTX54;
				ENABLE_HARDENED_RUNTIME = YES;
				INFOPLIST_FILE = clieneilc/Info.plist;
				LD_RUNPATH_SEARCH_PATHS = (
					"$(inherited)",
					"@executable_path/../Frameworks",
				);
				PRODUCT_BUNDLE_IDENTIFIER = com.jinsyu.clieneilc;
				PRODUCT_NAME = "$(TARGET_NAME)";
				SWIFT_VERSION = 5.0;
			};
			name = Release;
		};
/* End XCBuildConfiguration section */

/* Begin XCConfigurationList section */
		9C9FCC2324FEBBE10080AB99 /* Build configuration list for PBXProject "clieneilc" */ = {
			isa = XCConfigurationList;
			buildConfigurations = (
				9C9FCC3624FEBBE20080AB99 /* Debug */,
				9C9FCC3724FEBBE20080AB99 /* Release */,
			);
			defaultConfigurationIsVisible = 0;
			defaultConfigurationName = Release;
		};
		9C9FCC3824FEBBE20080AB99 /* Build configuration list for PBXNativeTarget "clieneilc" */ = {
			isa = XCConfigurationList;
			buildConfigurations = (
				9C9FCC3924FEBBE20080AB99 /* Debug */,
				9C9FCC3A24FEBBE20080AB99 /* Release */,
			);
			defaultConfigurationIsVisible = 0;
			defaultConfigurationName = Release;
		};
/* End XCConfigurationList section */
	};
	rootObject = 9C9FCC2024FEBBE10080AB99 /* Project object */;
}
